
Microsoft Visual Studio Solution File, Format Version 12.00
# Visual Studio Version 16
VisualStudioVersion = 16.0.30621.155
MinimumVisualStudioVersion = 10.0.40219.1
Project("{FAE04EC0-301F-11D3-BF4B-00C04F79EFBC}") = "MementoPattern", "MementoPattern.csproj", "{28A1D6CB-ABA2-4B3C-AE7B-08E7613AB082}"
EndProject
Global
	GlobalSection(SolutionConfigurationPlatforms) = preSolution
		Debug|Any CPU = Debug|Any CPU
		Release|Any CPU = Release|Any CPU
	EndGlobalSection
	GlobalSection(ProjectConfigurationPlatforms) = postSolution
		{28A1D6CB-ABA2-4B3C-AE7B-08E7613AB082}.Debug|Any CPU.ActiveCfg = Debug|Any CPU
		{28A1D6CB-ABA2-4B3C-AE7B-08E7613AB082}.Debug|Any CPU.Build.0 = Debug|Any CPU
		{28A1D6CB-ABA2-4B3C-AE7B-08E7613AB082}.Release|Any CPU.ActiveCfg = Release|Any CPU
		{28A1D6CB-ABA2-4B3C-AE7B-08E7613AB082}.Release|Any CPU.Build.0 = Release|Any CPU
	EndGlobalSection
	GlobalSection(SolutionProperties) = preSolution
		HideSolutionNode = FALSE
	EndGlobalSection
	GlobalSection(ExtensibilityGlobals) = postSolution
		SolutionGuid = {A31B810F-FCFC-4F94-AFC5-93A84493338A}
	EndGlobalSection
EndGlobal
